
Microsoft Visual Studio Solution File, Format Version 12.00
# Visual Studio Version 16
VisualStudioVersion = 16.0.30611.23
MinimumVisualStudioVersion = 10.0.40219.1
Project("{FAE04EC0-301F-11D3-BF4B-00C04F79EFBC}") = "ModemAnalysis", "ModemAnalysis\ModemAnalysis.csproj", "{0155202A-04E5-442C-86C7-FD2A043740E6}"
EndProject
Global
	GlobalSection(SolutionConfigurationPlatforms) = preSolution
		Debug|Any CPU = Debug|Any CPU
		Release|Any CPU = Release|Any CPU
	EndGlobalSection
	GlobalSection(ProjectConfigurationPlatforms) = postSolution
		{0155202A-04E5-442C-86C7-FD2A043740E6}.Debug|Any CPU.ActiveCfg = Debug|Any CPU
		{0155202A-04E5-442C-86C7-FD2A043740E6}.Debug|Any CPU.Build.0 = Debug|Any CPU
		{0155202A-04E5-442C-86C7-FD2A043740E6}.Release|Any CPU.ActiveCfg = Release|Any CPU
		{0155202A-04E5-442C-86C7-FD2A043740E6}.Release|Any CPU.Build.0 = Release|Any CPU
	EndGlobalSection
	GlobalSection(SolutionProperties) = preSolution
		HideSolutionNode = FALSE
	EndGlobalSection
	GlobalSection(ExtensibilityGlobals) = postSolution
		SolutionGuid = {66F939B8-CC15-4BCC-8D53-B79B578489FF}
	EndGlobalSection
EndGlobal
